// !$*UTF8*$!
{
	archiveVersion = 1;
	classes = {
	};
	objectVersion = 46;
	objects = {

/* Begin PBXBuildFile section */
		3107FB631C15A8D900AC030B /* NUAction.h in Headers */ = {isa = PBXBuildFile; fileRef = 3107FB611C15A8D900AC030B /* NUAction.h */; settings = {ATTRIBUTES = (Public, ); }; };
		3107FB641C15A8D900AC030B /* NUAction.m in Sources */ = {isa = PBXBuildFile; fileRef = 3107FB621C15A8D900AC030B /* NUAction.m */; };
		3107FB6C1C15B46100AC030B /* NUTrackingHTTPRequestHelper+Tests.h in Headers */ = {isa = PBXBuildFile; fileRef = 3107FB6A1C15B46100AC030B /* NUTrackingHTTPRequestHelper+Tests.h */; };
		310DAE261BF337E500422C06 /* NUTrackerSessionTests.m in Sources */ = {isa = PBXBuildFile; fileRef = 310DAE251BF337E500422C06 /* NUTrackerSessionTests.m */; };
		312029C91BF2261D00B7CCC6 /* NUTrackerTests.m in Sources */ = {isa = PBXBuildFile; fileRef = 312029C81BF2261D00B7CCC6 /* NUTrackerTests.m */; };
		312029CC1BF22E8B00B7CCC6 /* NUTrackerSession.h in Headers */ = {isa = PBXBuildFile; fileRef = 312029CA1BF22E8B00B7CCC6 /* NUTrackerSession.h */; };
		312029CD1BF22E8B00B7CCC6 /* NUTrackerSession.m in Sources */ = {isa = PBXBuildFile; fileRef = 312029CB1BF22E8B00B7CCC6 /* NUTrackerSession.m */; };
		312029CE1BF2300C00B7CCC6 /* NUTrackerSession.m in Sources */ = {isa = PBXBuildFile; fileRef = 312029CB1BF22E8B00B7CCC6 /* NUTrackerSession.m */; };
		31614FA91BF3508C00F0535D /* SSKeychain.strings in Resources */ = {isa = PBXBuildFile; fileRef = 31614FA21BF3508C00F0535D /* SSKeychain.strings */; };
		31614FAB1BF3508C00F0535D /* SSKeychain.h in Headers */ = {isa = PBXBuildFile; fileRef = 31614FA51BF3508C00F0535D /* SSKeychain.h */; };
		31614FAC1BF3508C00F0535D /* SSKeychain.m in Sources */ = {isa = PBXBuildFile; fileRef = 31614FA61BF3508C00F0535D /* SSKeychain.m */; };
		31614FAD1BF3508C00F0535D /* SSKeychainQuery.h in Headers */ = {isa = PBXBuildFile; fileRef = 31614FA71BF3508C00F0535D /* SSKeychainQuery.h */; };
		31614FAE1BF3508C00F0535D /* SSKeychainQuery.m in Sources */ = {isa = PBXBuildFile; fileRef = 31614FA81BF3508C00F0535D /* SSKeychainQuery.m */; };
		31614FB71BF3808000F0535D /* NUTrackingHTTPRequestHelper.h in Headers */ = {isa = PBXBuildFile; fileRef = 31614FB51BF3808000F0535D /* NUTrackingHTTPRequestHelper.h */; };
		31614FB81BF3808000F0535D /* NUTrackingHTTPRequestHelper.m in Sources */ = {isa = PBXBuildFile; fileRef = 31614FB61BF3808000F0535D /* NUTrackingHTTPRequestHelper.m */; };
		31614FBE1BF3880500F0535D /* NUTrackingHTTPRequestHelperTests.m in Sources */ = {isa = PBXBuildFile; fileRef = 31614FBD1BF3880500F0535D /* NUTrackingHTTPRequestHelperTests.m */; };
		31614FBF1BF3882900F0535D /* NUTrackingHTTPRequestHelper.m in Sources */ = {isa = PBXBuildFile; fileRef = 31614FB61BF3808000F0535D /* NUTrackingHTTPRequestHelper.m */; };
		316438E41BFC7D1D0092E067 /* NUProduct.h in Headers */ = {isa = PBXBuildFile; fileRef = 316438E21BFC7D1D0092E067 /* NUProduct.h */; settings = {ATTRIBUTES = (Public, ); }; };
		316438E51BFC7D1D0092E067 /* NUProduct.m in Sources */ = {isa = PBXBuildFile; fileRef = 316438E31BFC7D1D0092E067 /* NUProduct.m */; };
		316438E81BFC7DF80092E067 /* NUPurchaseDetails.h in Headers */ = {isa = PBXBuildFile; fileRef = 316438E61BFC7DF80092E067 /* NUPurchaseDetails.h */; settings = {ATTRIBUTES = (Public, ); }; };
		316438E91BFC7DF80092E067 /* NUPurchaseDetails.m in Sources */ = {isa = PBXBuildFile; fileRef = 316438E71BFC7DF80092E067 /* NUPurchaseDetails.m */; };
		318BFF261BECF49B00B2AA2A /* NextUserKit.h in Headers */ = {isa = PBXBuildFile; fileRef = 318BFF251BECF49B00B2AA2A /* NextUserKit.h */; settings = {ATTRIBUTES = (Public, ); }; };
		318BFF2D1BECF49B00B2AA2A /* NextUserKit.framework in Frameworks */ = {isa = PBXBuildFile; fileRef = 318BFF221BECF49B00B2AA2A /* NextUserKit.framework */; };
		318BFF451BECF6AA00B2AA2A /* NUTracker.h in Headers */ = {isa = PBXBuildFile; fileRef = 318BFF431BECF6AA00B2AA2A /* NUTracker.h */; settings = {ATTRIBUTES = (Public, ); }; };
		318BFF461BECF6AA00B2AA2A /* NUTracker.m in Sources */ = {isa = PBXBuildFile; fileRef = 318BFF441BECF6AA00B2AA2A /* NUTracker.m */; };
		318BFF5C1BECF8A400B2AA2A /* AFHTTPRequestOperation.h in Headers */ = {isa = PBXBuildFile; fileRef = 318BFF491BECF8A400B2AA2A /* AFHTTPRequestOperation.h */; };
		318BFF5D1BECF8A400B2AA2A /* AFHTTPRequestOperation.m in Sources */ = {isa = PBXBuildFile; fileRef = 318BFF4A1BECF8A400B2AA2A /* AFHTTPRequestOperation.m */; };
		318BFF5E1BECF8A400B2AA2A /* AFHTTPRequestOperationManager.h in Headers */ = {isa = PBXBuildFile; fileRef = 318BFF4B1BECF8A400B2AA2A /* AFHTTPRequestOperationManager.h */; };
		318BFF5F1BECF8A400B2AA2A /* AFHTTPRequestOperationManager.m in Sources */ = {isa = PBXBuildFile; fileRef = 318BFF4C1BECF8A400B2AA2A /* AFHTTPRequestOperationManager.m */; };
		318BFF601BECF8A400B2AA2A /* AFHTTPSessionManager.h in Headers */ = {isa = PBXBuildFile; fileRef = 318BFF4D1BECF8A400B2AA2A /* AFHTTPSessionManager.h */; };
		318BFF611BECF8A400B2AA2A /* AFHTTPSessionManager.m in Sources */ = {isa = PBXBuildFile; fileRef = 318BFF4E1BECF8A400B2AA2A /* AFHTTPSessionManager.m */; };
		318BFF621BECF8A400B2AA2A /* AFNetworking.h in Headers */ = {isa = PBXBuildFile; fileRef = 318BFF4F1BECF8A400B2AA2A /* AFNetworking.h */; };
		318BFF631BECF8A400B2AA2A /* AFNetworkReachabilityManager.h in Headers */ = {isa = PBXBuildFile; fileRef = 318BFF501BECF8A400B2AA2A /* AFNetworkReachabilityManager.h */; };
		318BFF641BECF8A400B2AA2A /* AFNetworkReachabilityManager.m in Sources */ = {isa = PBXBuildFile; fileRef = 318BFF511BECF8A400B2AA2A /* AFNetworkReachabilityManager.m */; };
		318BFF651BECF8A400B2AA2A /* AFSecurityPolicy.h in Headers */ = {isa = PBXBuildFile; fileRef = 318BFF521BECF8A400B2AA2A /* AFSecurityPolicy.h */; };
		318BFF661BECF8A400B2AA2A /* AFSecurityPolicy.m in Sources */ = {isa = PBXBuildFile; fileRef = 318BFF531BECF8A400B2AA2A /* AFSecurityPolicy.m */; };
		318BFF671BECF8A400B2AA2A /* AFURLConnectionOperation.h in Headers */ = {isa = PBXBuildFile; fileRef = 318BFF541BECF8A400B2AA2A /* AFURLConnectionOperation.h */; };
		318BFF681BECF8A400B2AA2A /* AFURLConnectionOperation.m in Sources */ = {isa = PBXBuildFile; fileRef = 318BFF551BECF8A400B2AA2A /* AFURLConnectionOperation.m */; };
		318BFF691BECF8A400B2AA2A /* AFURLRequestSerialization.h in Headers */ = {isa = PBXBuildFile; fileRef = 318BFF561BECF8A400B2AA2A /* AFURLRequestSerialization.h */; };
		318BFF6A1BECF8A400B2AA2A /* AFURLRequestSerialization.m in Sources */ = {isa = PBXBuildFile; fileRef = 318BFF571BECF8A400B2AA2A /* AFURLRequestSerialization.m */; };
		318BFF6B1BECF8A400B2AA2A /* AFURLResponseSerialization.h in Headers */ = {isa = PBXBuildFile; fileRef = 318BFF581BECF8A400B2AA2A /* AFURLResponseSerialization.h */; };
		318BFF6C1BECF8A400B2AA2A /* AFURLResponseSerialization.m in Sources */ = {isa = PBXBuildFile; fileRef = 318BFF591BECF8A400B2AA2A /* AFURLResponseSerialization.m */; };
		318BFF6D1BECF8A400B2AA2A /* AFURLSessionManager.h in Headers */ = {isa = PBXBuildFile; fileRef = 318BFF5A1BECF8A400B2AA2A /* AFURLSessionManager.h */; };
		318BFF6E1BECF8A400B2AA2A /* AFURLSessionManager.m in Sources */ = {isa = PBXBuildFile; fileRef = 318BFF5B1BECF8A400B2AA2A /* AFURLSessionManager.m */; };
		318BFF741BECFE4D00B2AA2A /* SystemConfiguration.framework in Frameworks */ = {isa = PBXBuildFile; fileRef = 318BFF731BECFE4D00B2AA2A /* SystemConfiguration.framework */; };
		318BFF761BECFE5300B2AA2A /* MobileCoreServices.framework in Frameworks */ = {isa = PBXBuildFile; fileRef = 318BFF751BECFE5300B2AA2A /* MobileCoreServices.framework */; };
		3198D56D1BF9CC21006E88D1 /* CLIColor.h in Headers */ = {isa = PBXBuildFile; fileRef = 3198D5521BF9CC21006E88D1 /* CLIColor.h */; };
		3198D56E1BF9CC21006E88D1 /* CLIColor.m in Sources */ = {isa = PBXBuildFile; fileRef = 3198D5531BF9CC21006E88D1 /* CLIColor.m */; };
		3198D56F1BF9CC21006E88D1 /* CocoaLumberjack.h in Headers */ = {isa = PBXBuildFile; fileRef = 3198D5541BF9CC21006E88D1 /* CocoaLumberjack.h */; };
		3198D5711BF9CC21006E88D1 /* DDAbstractDatabaseLogger.h in Headers */ = {isa = PBXBuildFile; fileRef = 3198D5561BF9CC21006E88D1 /* DDAbstractDatabaseLogger.h */; };
		3198D5721BF9CC21006E88D1 /* DDAbstractDatabaseLogger.m in Sources */ = {isa = PBXBuildFile; fileRef = 3198D5571BF9CC21006E88D1 /* DDAbstractDatabaseLogger.m */; };
		3198D5731BF9CC21006E88D1 /* DDASLLogCapture.h in Headers */ = {isa = PBXBuildFile; fileRef = 3198D5581BF9CC21006E88D1 /* DDASLLogCapture.h */; };
		3198D5741BF9CC21006E88D1 /* DDASLLogCapture.m in Sources */ = {isa = PBXBuildFile; fileRef = 3198D5591BF9CC21006E88D1 /* DDASLLogCapture.m */; };
		3198D5751BF9CC21006E88D1 /* DDASLLogger.h in Headers */ = {isa = PBXBuildFile; fileRef = 3198D55A1BF9CC21006E88D1 /* DDASLLogger.h */; };
		3198D5761BF9CC21006E88D1 /* DDASLLogger.m in Sources */ = {isa = PBXBuildFile; fileRef = 3198D55B1BF9CC21006E88D1 /* DDASLLogger.m */; };
		3198D5771BF9CC21006E88D1 /* DDAssertMacros.h in Headers */ = {isa = PBXBuildFile; fileRef = 3198D55C1BF9CC21006E88D1 /* DDAssertMacros.h */; };
		3198D5781BF9CC21006E88D1 /* DDFileLogger.h in Headers */ = {isa = PBXBuildFile; fileRef = 3198D55D1BF9CC21006E88D1 /* DDFileLogger.h */; };
		3198D5791BF9CC21006E88D1 /* DDFileLogger.m in Sources */ = {isa = PBXBuildFile; fileRef = 3198D55E1BF9CC21006E88D1 /* DDFileLogger.m */; };
		3198D57A1BF9CC21006E88D1 /* DDLegacyMacros.h in Headers */ = {isa = PBXBuildFile; fileRef = 3198D55F1BF9CC21006E88D1 /* DDLegacyMacros.h */; };
		3198D57B1BF9CC21006E88D1 /* DDLog+LOGV.h in Headers */ = {isa = PBXBuildFile; fileRef = 3198D5601BF9CC21006E88D1 /* DDLog+LOGV.h */; };
		3198D57C1BF9CC21006E88D1 /* DDLog.h in Headers */ = {isa = PBXBuildFile; fileRef = 3198D5611BF9CC21006E88D1 /* DDLog.h */; };
		3198D57D1BF9CC21006E88D1 /* DDLog.m in Sources */ = {isa = PBXBuildFile; fileRef = 3198D5621BF9CC21006E88D1 /* DDLog.m */; };
		3198D57E1BF9CC21006E88D1 /* DDLogMacros.h in Headers */ = {isa = PBXBuildFile; fileRef = 3198D5631BF9CC21006E88D1 /* DDLogMacros.h */; };
		3198D57F1BF9CC21006E88D1 /* DDTTYLogger.h in Headers */ = {isa = PBXBuildFile; fileRef = 3198D5641BF9CC21006E88D1 /* DDTTYLogger.h */; };
		3198D5801BF9CC21006E88D1 /* DDTTYLogger.m in Sources */ = {isa = PBXBuildFile; fileRef = 3198D5651BF9CC21006E88D1 /* DDTTYLogger.m */; };
		3198D5811BF9CC21006E88D1 /* DDContextFilterLogFormatter.h in Headers */ = {isa = PBXBuildFile; fileRef = 3198D5671BF9CC21006E88D1 /* DDContextFilterLogFormatter.h */; };
		3198D5821BF9CC21006E88D1 /* DDContextFilterLogFormatter.m in Sources */ = {isa = PBXBuildFile; fileRef = 3198D5681BF9CC21006E88D1 /* DDContextFilterLogFormatter.m */; };
		3198D5831BF9CC21006E88D1 /* DDDispatchQueueLogFormatter.h in Headers */ = {isa = PBXBuildFile; fileRef = 3198D5691BF9CC21006E88D1 /* DDDispatchQueueLogFormatter.h */; };
		3198D5841BF9CC21006E88D1 /* DDDispatchQueueLogFormatter.m in Sources */ = {isa = PBXBuildFile; fileRef = 3198D56A1BF9CC21006E88D1 /* DDDispatchQueueLogFormatter.m */; };
		3198D5851BF9CC21006E88D1 /* DDMultiFormatter.h in Headers */ = {isa = PBXBuildFile; fileRef = 3198D56B1BF9CC21006E88D1 /* DDMultiFormatter.h */; };
		3198D5861BF9CC21006E88D1 /* DDMultiFormatter.m in Sources */ = {isa = PBXBuildFile; fileRef = 3198D56C1BF9CC21006E88D1 /* DDMultiFormatter.m */; };
		3198D58A1BF9E4BA006E88D1 /* NUDDLog.h in Headers */ = {isa = PBXBuildFile; fileRef = 3198D5881BF9E4BA006E88D1 /* NUDDLog.h */; };
		3198D58B1BF9E4BA006E88D1 /* NUDDLog.m in Sources */ = {isa = PBXBuildFile; fileRef = 3198D5891BF9E4BA006E88D1 /* NUDDLog.m */; };
		31D99FE31BF5D9B400F9400F /* NUTracker+Tests.h in Headers */ = {isa = PBXBuildFile; fileRef = 31D99FE11BF5D9B400F9400F /* NUTracker+Tests.h */; };
		31E23D491C05F12D00BD9A81 /* NUHTTPRequestUtils.h in Headers */ = {isa = PBXBuildFile; fileRef = 31E23D471C05F12D00BD9A81 /* NUHTTPRequestUtils.h */; };
		31E23D4A1C05F12D00BD9A81 /* NUHTTPRequestUtils.m in Sources */ = {isa = PBXBuildFile; fileRef = 31E23D481C05F12D00BD9A81 /* NUHTTPRequestUtils.m */; };
		31E61C651BFDCD9500AAD12B /* NUObjectPropertyStatusUtils.h in Headers */ = {isa = PBXBuildFile; fileRef = 31E61C631BFDCD9500AAD12B /* NUObjectPropertyStatusUtils.h */; };
		31E61C661BFDCD9500AAD12B /* NUObjectPropertyStatusUtils.m in Sources */ = {isa = PBXBuildFile; fileRef = 31E61C641BFDCD9500AAD12B /* NUObjectPropertyStatusUtils.m */; };
		31E61C691BFDCDC000AAD12B /* NUObjectPropertyStatusUtils.m in Sources */ = {isa = PBXBuildFile; fileRef = 31E61C641BFDCD9500AAD12B /* NUObjectPropertyStatusUtils.m */; };
		31E61C6D1BFDCF0A00AAD12B /* NUObjectPropertyStatusUtilsTests.m in Sources */ = {isa = PBXBuildFile; fileRef = 31E61C6C1BFDCF0A00AAD12B /* NUObjectPropertyStatusUtilsTests.m */; };
		31E61C701BFDD95100AAD12B /* NSString+LGUtils.h in Headers */ = {isa = PBXBuildFile; fileRef = 31E61C6E1BFDD95100AAD12B /* NSString+LGUtils.h */; };
		31E61C711BFDD95100AAD12B /* NSString+LGUtils.m in Sources */ = {isa = PBXBuildFile; fileRef = 31E61C6F1BFDD95100AAD12B /* NSString+LGUtils.m */; };
		31E61C731BFDDE4700AAD12B /* NSString+LGUtils.m in Sources */ = {isa = PBXBuildFile; fileRef = 31E61C6F1BFDD95100AAD12B /* NSString+LGUtils.m */; };
/* End PBXBuildFile section */

/* Begin PBXContainerItemProxy section */
		318BFF2E1BECF49B00B2AA2A /* PBXContainerItemProxy */ = {
			isa = PBXContainerItemProxy;
			containerPortal = 318BFF191BECF49B00B2AA2A /* Project object */;
			proxyType = 1;
			remoteGlobalIDString = 318BFF211BECF49B00B2AA2A;
			remoteInfo = NextUserKit;
		};
/* End PBXContainerItemProxy section */

/* Begin PBXFileReference section */
		3107FB611C15A8D900AC030B /* NUAction.h */ = {isa = PBXFileReference; fileEncoding = 4; lastKnownFileType = sourcecode.c.h; path = NUAction.h; sourceTree = "<group>"; };
		3107FB621C15A8D900AC030B /* NUAction.m */ = {isa = PBXFileReference; fileEncoding = 4; lastKnownFileType = sourcecode.c.objc; path = NUAction.m; sourceTree = "<group>"; };
		3107FB6A1C15B46100AC030B /* NUTrackingHTTPRequestHelper+Tests.h */ = {isa = PBXFileReference; fileEncoding = 4; lastKnownFileType = sourcecode.c.h; path = "NUTrackingHTTPRequestHelper+Tests.h"; sourceTree = "<group>"; };
		310DAE251BF337E500422C06 /* NUTrackerSessionTests.m */ = {isa = PBXFileReference; fileEncoding = 4; lastKnownFileType = sourcecode.c.objc; path = NUTrackerSessionTests.m; sourceTree = "<group>"; };
		312029C81BF2261D00B7CCC6 /* NUTrackerTests.m */ = {isa = PBXFileReference; fileEncoding = 4; lastKnownFileType = sourcecode.c.objc; path = NUTrackerTests.m; sourceTree = "<group>"; };
		312029CA1BF22E8B00B7CCC6 /* NUTrackerSession.h */ = {isa = PBXFileReference; fileEncoding = 4; lastKnownFileType = sourcecode.c.h; path = NUTrackerSession.h; sourceTree = "<group>"; };
		312029CB1BF22E8B00B7CCC6 /* NUTrackerSession.m */ = {isa = PBXFileReference; fileEncoding = 4; lastKnownFileType = sourcecode.c.objc; path = NUTrackerSession.m; sourceTree = "<group>"; };
		315A63FB1C032D1B00ADB2DD /* NUTestDefinitions.h */ = {isa = PBXFileReference; lastKnownFileType = sourcecode.c.h; path = NUTestDefinitions.h; sourceTree = "<group>"; };
		31614FA31BF3508C00F0535D /* en */ = {isa = PBXFileReference; lastKnownFileType = text.plist.strings; name = en; path = en.lproj/SSKeychain.strings; sourceTree = "<group>"; };
		31614FA51BF3508C00F0535D /* SSKeychain.h */ = {isa = PBXFileReference; fileEncoding = 4; lastKnownFileType = sourcecode.c.h; path = SSKeychain.h; sourceTree = "<group>"; };
		31614FA61BF3508C00F0535D /* SSKeychain.m */ = {isa = PBXFileReference; fileEncoding = 4; lastKnownFileType = sourcecode.c.objc; path = SSKeychain.m; sourceTree = "<group>"; };
		31614FA71BF3508C00F0535D /* SSKeychainQuery.h */ = {isa = PBXFileReference; fileEncoding = 4; lastKnownFileType = sourcecode.c.h; path = SSKeychainQuery.h; sourceTree = "<group>"; };
		31614FA81BF3508C00F0535D /* SSKeychainQuery.m */ = {isa = PBXFileReference; fileEncoding = 4; lastKnownFileType = sourcecode.c.objc; path = SSKeychainQuery.m; sourceTree = "<group>"; };
		31614FB51BF3808000F0535D /* NUTrackingHTTPRequestHelper.h */ = {isa = PBXFileReference; fileEncoding = 4; lastKnownFileType = sourcecode.c.h; path = NUTrackingHTTPRequestHelper.h; sourceTree = "<group>"; };
		31614FB61BF3808000F0535D /* NUTrackingHTTPRequestHelper.m */ = {isa = PBXFileReference; fileEncoding = 4; lastKnownFileType = sourcecode.c.objc; path = NUTrackingHTTPRequestHelper.m; sourceTree = "<group>"; };
		31614FBD1BF3880500F0535D /* NUTrackingHTTPRequestHelperTests.m */ = {isa = PBXFileReference; fileEncoding = 4; lastKnownFileType = sourcecode.c.objc; path = NUTrackingHTTPRequestHelperTests.m; sourceTree = "<group>"; };
		316438E21BFC7D1D0092E067 /* NUProduct.h */ = {isa = PBXFileReference; fileEncoding = 4; lastKnownFileType = sourcecode.c.h; path = NUProduct.h; sourceTree = "<group>"; };
		316438E31BFC7D1D0092E067 /* NUProduct.m */ = {isa = PBXFileReference; fileEncoding = 4; lastKnownFileType = sourcecode.c.objc; path = NUProduct.m; sourceTree = "<group>"; };
		316438E61BFC7DF80092E067 /* NUPurchaseDetails.h */ = {isa = PBXFileReference; fileEncoding = 4; lastKnownFileType = sourcecode.c.h; path = NUPurchaseDetails.h; sourceTree = "<group>"; };
		316438E71BFC7DF80092E067 /* NUPurchaseDetails.m */ = {isa = PBXFileReference; fileEncoding = 4; lastKnownFileType = sourcecode.c.objc; path = NUPurchaseDetails.m; sourceTree = "<group>"; };
		318BFF221BECF49B00B2AA2A /* NextUserKit.framework */ = {isa = PBXFileReference; explicitFileType = wrapper.framework; includeInIndex = 0; path = NextUserKit.framework; sourceTree = BUILT_PRODUCTS_DIR; };
		318BFF251BECF49B00B2AA2A /* NextUserKit.h */ = {isa = PBXFileReference; lastKnownFileType = sourcecode.c.h; path = NextUserKit.h; sourceTree = "<group>"; };
		318BFF271BECF49B00B2AA2A /* Info.plist */ = {isa = PBXFileReference; lastKnownFileType = text.plist.xml; path = Info.plist; sourceTree = "<group>"; };
		318BFF2C1BECF49B00B2AA2A /* NextUserKitTests.xctest */ = {isa = PBXFileReference; explicitFileType = wrapper.cfbundle; includeInIndex = 0; path = NextUserKitTests.xctest; sourceTree = BUILT_PRODUCTS_DIR; };
		318BFF331BECF49B00B2AA2A /* Info.plist */ = {isa = PBXFileReference; lastKnownFileType = text.plist.xml; path = Info.plist; sourceTree = "<group>"; };
		318BFF431BECF6AA00B2AA2A /* NUTracker.h */ = {isa = PBXFileReference; fileEncoding = 4; lastKnownFileType = sourcecode.c.h; path = NUTracker.h; sourceTree = "<group>"; };
		318BFF441BECF6AA00B2AA2A /* NUTracker.m */ = {isa = PBXFileReference; fileEncoding = 4; lastKnownFileType = sourcecode.c.objc; path = NUTracker.m; sourceTree = "<group>"; };
		318BFF491BECF8A400B2AA2A /* AFHTTPRequestOperation.h */ = {isa = PBXFileReference; fileEncoding = 4; lastKnownFileType = sourcecode.c.h; path = AFHTTPRequestOperation.h; sourceTree = "<group>"; };
		318BFF4A1BECF8A400B2AA2A /* AFHTTPRequestOperation.m */ = {isa = PBXFileReference; fileEncoding = 4; lastKnownFileType = sourcecode.c.objc; path = AFHTTPRequestOperation.m; sourceTree = "<group>"; };
		318BFF4B1BECF8A400B2AA2A /* AFHTTPRequestOperationManager.h */ = {isa = PBXFileReference; fileEncoding = 4; lastKnownFileType = sourcecode.c.h; path = AFHTTPRequestOperationManager.h; sourceTree = "<group>"; };
		318BFF4C1BECF8A400B2AA2A /* AFHTTPRequestOperationManager.m */ = {isa = PBXFileReference; fileEncoding = 4; lastKnownFileType = sourcecode.c.objc; path = AFHTTPRequestOperationManager.m; sourceTree = "<group>"; };
		318BFF4D1BECF8A400B2AA2A /* AFHTTPSessionManager.h */ = {isa = PBXFileReference; fileEncoding = 4; lastKnownFileType = sourcecode.c.h; path = AFHTTPSessionManager.h; sourceTree = "<group>"; };
		318BFF4E1BECF8A400B2AA2A /* AFHTTPSessionManager.m */ = {isa = PBXFileReference; fileEncoding = 4; lastKnownFileType = sourcecode.c.objc; path = AFHTTPSessionManager.m; sourceTree = "<group>"; };
		318BFF4F1BECF8A400B2AA2A /* AFNetworking.h */ = {isa = PBXFileReference; fileEncoding = 4; lastKnownFileType = sourcecode.c.h; path = AFNetworking.h; sourceTree = "<group>"; };
		318BFF501BECF8A400B2AA2A /* AFNetworkReachabilityManager.h */ = {isa = PBXFileReference; fileEncoding = 4; lastKnownFileType = sourcecode.c.h; path = AFNetworkReachabilityManager.h; sourceTree = "<group>"; };
		318BFF511BECF8A400B2AA2A /* AFNetworkReachabilityManager.m */ = {isa = PBXFileReference; fileEncoding = 4; lastKnownFileType = sourcecode.c.objc; path = AFNetworkReachabilityManager.m; sourceTree = "<group>"; };
		318BFF521BECF8A400B2AA2A /* AFSecurityPolicy.h */ = {isa = PBXFileReference; fileEncoding = 4; lastKnownFileType = sourcecode.c.h; path = AFSecurityPolicy.h; sourceTree = "<group>"; };
		318BFF531BECF8A400B2AA2A /* AFSecurityPolicy.m */ = {isa = PBXFileReference; fileEncoding = 4; lastKnownFileType = sourcecode.c.objc; path = AFSecurityPolicy.m; sourceTree = "<group>"; };
		318BFF541BECF8A400B2AA2A /* AFURLConnectionOperation.h */ = {isa = PBXFileReference; fileEncoding = 4; lastKnownFileType = sourcecode.c.h; path = AFURLConnectionOperation.h; sourceTree = "<group>"; };
		318BFF551BECF8A400B2AA2A /* AFURLConnectionOperation.m */ = {isa = PBXFileReference; fileEncoding = 4; lastKnownFileType = sourcecode.c.objc; path = AFURLConnectionOperation.m; sourceTree = "<group>"; };
		318BFF561BECF8A400B2AA2A /* AFURLRequestSerialization.h */ = {isa = PBXFileReference; fileEncoding = 4; lastKnownFileType = sourcecode.c.h; path = AFURLRequestSerialization.h; sourceTree = "<group>"; };
		318BFF571BECF8A400B2AA2A /* AFURLRequestSerialization.m */ = {isa = PBXFileReference; fileEncoding = 4; lastKnownFileType = sourcecode.c.objc; path = AFURLRequestSerialization.m; sourceTree = "<group>"; };
		318BFF581BECF8A400B2AA2A /* AFURLResponseSerialization.h */ = {isa = PBXFileReference; fileEncoding = 4; lastKnownFileType = sourcecode.c.h; path = AFURLResponseSerialization.h; sourceTree = "<group>"; };
		318BFF591BECF8A400B2AA2A /* AFURLResponseSerialization.m */ = {isa = PBXFileReference; fileEncoding = 4; lastKnownFileType = sourcecode.c.objc; path = AFURLResponseSerialization.m; sourceTree = "<group>"; };
		318BFF5A1BECF8A400B2AA2A /* AFURLSessionManager.h */ = {isa = PBXFileReference; fileEncoding = 4; lastKnownFileType = sourcecode.c.h; path = AFURLSessionManager.h; sourceTree = "<group>"; };
		318BFF5B1BECF8A400B2AA2A /* AFURLSessionManager.m */ = {isa = PBXFileReference; fileEncoding = 4; lastKnownFileType = sourcecode.c.objc; path = AFURLSessionManager.m; sourceTree = "<group>"; };
		318BFF731BECFE4D00B2AA2A /* SystemConfiguration.framework */ = {isa = PBXFileReference; lastKnownFileType = wrapper.framework; name = SystemConfiguration.framework; path = System/Library/Frameworks/SystemConfiguration.framework; sourceTree = SDKROOT; };
		318BFF751BECFE5300B2AA2A /* MobileCoreServices.framework */ = {isa = PBXFileReference; lastKnownFileType = wrapper.framework; name = MobileCoreServices.framework; path = System/Library/Frameworks/MobileCoreServices.framework; sourceTree = SDKROOT; };
		3198D5521BF9CC21006E88D1 /* CLIColor.h */ = {isa = PBXFileReference; fileEncoding = 4; lastKnownFileType = sourcecode.c.h; path = CLIColor.h; sourceTree = "<group>"; };
		3198D5531BF9CC21006E88D1 /* CLIColor.m */ = {isa = PBXFileReference; fileEncoding = 4; lastKnownFileType = sourcecode.c.objc; path = CLIColor.m; sourceTree = "<group>"; };
		3198D5541BF9CC21006E88D1 /* CocoaLumberjack.h */ = {isa = PBXFileReference; fileEncoding = 4; lastKnownFileType = sourcecode.c.h; path = CocoaLumberjack.h; sourceTree = "<group>"; };
		3198D5561BF9CC21006E88D1 /* DDAbstractDatabaseLogger.h */ = {isa = PBXFileReference; fileEncoding = 4; lastKnownFileType = sourcecode.c.h; path = DDAbstractDatabaseLogger.h; sourceTree = "<group>"; };
		3198D5571BF9CC21006E88D1 /* DDAbstractDatabaseLogger.m */ = {isa = PBXFileReference; fileEncoding = 4; lastKnownFileType = sourcecode.c.objc; path = DDAbstractDatabaseLogger.m; sourceTree = "<group>"; };
		3198D5581BF9CC21006E88D1 /* DDASLLogCapture.h */ = {isa = PBXFileReference; fileEncoding = 4; lastKnownFileType = sourcecode.c.h; path = DDASLLogCapture.h; sourceTree = "<group>"; };
		3198D5591BF9CC21006E88D1 /* DDASLLogCapture.m */ = {isa = PBXFileReference; fileEncoding = 4; lastKnownFileType = sourcecode.c.objc; path = DDASLLogCapture.m; sourceTree = "<group>"; };
		3198D55A1BF9CC21006E88D1 /* DDASLLogger.h */ = {isa = PBXFileReference; fileEncoding = 4; lastKnownFileType = sourcecode.c.h; path = DDASLLogger.h; sourceTree = "<group>"; };
		3198D55B1BF9CC21006E88D1 /* DDASLLogger.m */ = {isa = PBXFileReference; fileEncoding = 4; lastKnownFileType = sourcecode.c.objc; path = DDASLLogger.m; sourceTree = "<group>"; };
		3198D55C1BF9CC21006E88D1 /* DDAssertMacros.h */ = {isa = PBXFileReference; fileEncoding = 4; lastKnownFileType = sourcecode.c.h; path = DDAssertMacros.h; sourceTree = "<group>"; };
		3198D55D1BF9CC21006E88D1 /* DDFileLogger.h */ = {isa = PBXFileReference; fileEncoding = 4; lastKnownFileType = sourcecode.c.h; path = DDFileLogger.h; sourceTree = "<group>"; };
		3198D55E1BF9CC21006E88D1 /* DDFileLogger.m */ = {isa = PBXFileReference; fileEncoding = 4; lastKnownFileType = sourcecode.c.objc; path = DDFileLogger.m; sourceTree = "<group>"; };
		3198D55F1BF9CC21006E88D1 /* DDLegacyMacros.h */ = {isa = PBXFileReference; fileEncoding = 4; lastKnownFileType = sourcecode.c.h; path = DDLegacyMacros.h; sourceTree = "<group>"; };
		3198D5601BF9CC21006E88D1 /* DDLog+LOGV.h */ = {isa = PBXFileReference; fileEncoding = 4; lastKnownFileType = sourcecode.c.h; path = "DDLog+LOGV.h"; sourceTree = "<group>"; };
		3198D5611BF9CC21006E88D1 /* DDLog.h */ = {isa = PBXFileReference; fileEncoding = 4; lastKnownFileType = sourcecode.c.h; path = DDLog.h; sourceTree = "<group>"; };
		3198D5621BF9CC21006E88D1 /* DDLog.m */ = {isa = PBXFileReference; fileEncoding = 4; lastKnownFileType = sourcecode.c.objc; path = DDLog.m; sourceTree = "<group>"; };
		3198D5631BF9CC21006E88D1 /* DDLogMacros.h */ = {isa = PBXFileReference; fileEncoding = 4; lastKnownFileType = sourcecode.c.h; path = DDLogMacros.h; sourceTree = "<group>"; };
		3198D5641BF9CC21006E88D1 /* DDTTYLogger.h */ = {isa = PBXFileReference; fileEncoding = 4; lastKnownFileType = sourcecode.c.h; path = DDTTYLogger.h; sourceTree = "<group>"; };
		3198D5651BF9CC21006E88D1 /* DDTTYLogger.m */ = {isa = PBXFileReference; fileEncoding = 4; lastKnownFileType = sourcecode.c.objc; path = DDTTYLogger.m; sourceTree = "<group>"; };
		3198D5671BF9CC21006E88D1 /* DDContextFilterLogFormatter.h */ = {isa = PBXFileReference; fileEncoding = 4; lastKnownFileType = sourcecode.c.h; path = DDContextFilterLogFormatter.h; sourceTree = "<group>"; };
		3198D5681BF9CC21006E88D1 /* DDContextFilterLogFormatter.m */ = {isa = PBXFileReference; fileEncoding = 4; lastKnownFileType = sourcecode.c.objc; path = DDContextFilterLogFormatter.m; sourceTree = "<group>"; };
		3198D5691BF9CC21006E88D1 /* DDDispatchQueueLogFormatter.h */ = {isa = PBXFileReference; fileEncoding = 4; lastKnownFileType = sourcecode.c.h; path = DDDispatchQueueLogFormatter.h; sourceTree = "<group>"; };
		3198D56A1BF9CC21006E88D1 /* DDDispatchQueueLogFormatter.m */ = {isa = PBXFileReference; fileEncoding = 4; lastKnownFileType = sourcecode.c.objc; path = DDDispatchQueueLogFormatter.m; sourceTree = "<group>"; };
		3198D56B1BF9CC21006E88D1 /* DDMultiFormatter.h */ = {isa = PBXFileReference; fileEncoding = 4; lastKnownFileType = sourcecode.c.h; path = DDMultiFormatter.h; sourceTree = "<group>"; };
		3198D56C1BF9CC21006E88D1 /* DDMultiFormatter.m */ = {isa = PBXFileReference; fileEncoding = 4; lastKnownFileType = sourcecode.c.objc; path = DDMultiFormatter.m; sourceTree = "<group>"; };
		3198D5871BF9D36A006E88D1 /* CocoaLumberjackNameMapper.h */ = {isa = PBXFileReference; lastKnownFileType = sourcecode.c.h; path = CocoaLumberjackNameMapper.h; sourceTree = "<group>"; };
		3198D5881BF9E4BA006E88D1 /* NUDDLog.h */ = {isa = PBXFileReference; fileEncoding = 4; lastKnownFileType = sourcecode.c.h; name = NUDDLog.h; path = lib_3rdParty/DDLog/NUDDLog.h; sourceTree = "<group>"; };
		3198D5891BF9E4BA006E88D1 /* NUDDLog.m */ = {isa = PBXFileReference; fileEncoding = 4; lastKnownFileType = sourcecode.c.objc; name = NUDDLog.m; path = lib_3rdParty/DDLog/NUDDLog.m; sourceTree = "<group>"; };
		31BD2B761BF4B36D00EC2DB3 /* AFNetworkingNameMapper.h */ = {isa = PBXFileReference; lastKnownFileType = sourcecode.c.h; path = AFNetworkingNameMapper.h; sourceTree = "<group>"; };
		31D99FE11BF5D9B400F9400F /* NUTracker+Tests.h */ = {isa = PBXFileReference; fileEncoding = 4; lastKnownFileType = sourcecode.c.h; path = "NUTracker+Tests.h"; sourceTree = "<group>"; };
		31E23D471C05F12D00BD9A81 /* NUHTTPRequestUtils.h */ = {isa = PBXFileReference; fileEncoding = 4; lastKnownFileType = sourcecode.c.h; path = NUHTTPRequestUtils.h; sourceTree = "<group>"; };
		31E23D481C05F12D00BD9A81 /* NUHTTPRequestUtils.m */ = {isa = PBXFileReference; fileEncoding = 4; lastKnownFileType = sourcecode.c.objc; path = NUHTTPRequestUtils.m; sourceTree = "<group>"; };
		31E61C631BFDCD9500AAD12B /* NUObjectPropertyStatusUtils.h */ = {isa = PBXFileReference; fileEncoding = 4; lastKnownFileType = sourcecode.c.h; path = NUObjectPropertyStatusUtils.h; sourceTree = "<group>"; };
		31E61C641BFDCD9500AAD12B /* NUObjectPropertyStatusUtils.m */ = {isa = PBXFileReference; fileEncoding = 4; lastKnownFileType = sourcecode.c.objc; path = NUObjectPropertyStatusUtils.m; sourceTree = "<group>"; };
		31E61C6C1BFDCF0A00AAD12B /* NUObjectPropertyStatusUtilsTests.m */ = {isa = PBXFileReference; fileEncoding = 4; lastKnownFileType = sourcecode.c.objc; path = NUObjectPropertyStatusUtilsTests.m; sourceTree = "<group>"; };
		31E61C6E1BFDD95100AAD12B /* NSString+LGUtils.h */ = {isa = PBXFileReference; fileEncoding = 4; lastKnownFileType = sourcecode.c.h; path = "NSString+LGUtils.h"; sourceTree = "<group>"; };
		31E61C6F1BFDD95100AAD12B /* NSString+LGUtils.m */ = {isa = PBXFileReference; fileEncoding = 4; lastKnownFileType = sourcecode.c.objc; path = "NSString+LGUtils.m"; sourceTree = "<group>"; };
/* End PBXFileReference section */

/* Begin PBXFrameworksBuildPhase section */
		318BFF1E1BECF49B00B2AA2A /* Frameworks */ = {
			isa = PBXFrameworksBuildPhase;
			buildActionMask = 2147483647;
			files = (
			);
			runOnlyForDeploymentPostprocessing = 0;
		};
		318BFF291BECF49B00B2AA2A /* Frameworks */ = {
			isa = PBXFrameworksBuildPhase;
			buildActionMask = 2147483647;
			files = (
				318BFF761BECFE5300B2AA2A /* MobileCoreServices.framework in Frameworks */,
				318BFF741BECFE4D00B2AA2A /* SystemConfiguration.framework in Frameworks */,
				318BFF2D1BECF49B00B2AA2A /* NextUserKit.framework in Frameworks */,
			);
			runOnlyForDeploymentPostprocessing = 0;
		};
/* End PBXFrameworksBuildPhase section */

/* Begin PBXGroup section */
		3107FB651C15B01100AC030B /* Model */ = {
			isa = PBXGroup;
			children = (
				3107FB611C15A8D900AC030B /* NUAction.h */,
				3107FB621C15A8D900AC030B /* NUAction.m */,
				316438E61BFC7DF80092E067 /* NUPurchaseDetails.h */,
				316438E71BFC7DF80092E067 /* NUPurchaseDetails.m */,
				316438E21BFC7D1D0092E067 /* NUProduct.h */,
				316438E31BFC7D1D0092E067 /* NUProduct.m */,
			);
			name = Model;
			sourceTree = "<group>";
		};
		312029C71BF221F200B7CCC6 /* Private */ = {
			isa = PBXGroup;
			children = (
				312029CA1BF22E8B00B7CCC6 /* NUTrackerSession.h */,
				312029CB1BF22E8B00B7CCC6 /* NUTrackerSession.m */,
				31E61C721BFDDA2D00AAD12B /* Utils */,
				31F2752C1BFA044000D0D755 /* ServerAPI */,
				31F2752B1BF9FC9B00D0D755 /* Logger */,
				31F2752D1BFA056400D0D755 /* TestsCategory */,
			);
			name = Private;
			sourceTree = "<group>";
		};
		31614FA11BF3508C00F0535D /* SSKeychain */ = {
			isa = PBXGroup;
			children = (
				31614FA21BF3508C00F0535D /* SSKeychain.strings */,
				31614FA51BF3508C00F0535D /* SSKeychain.h */,
				31614FA61BF3508C00F0535D /* SSKeychain.m */,
				31614FA71BF3508C00F0535D /* SSKeychainQuery.h */,
				31614FA81BF3508C00F0535D /* SSKeychainQuery.m */,
			);
			path = SSKeychain;
			sourceTree = "<group>";
		};
		318BFF181BECF49B00B2AA2A = {
			isa = PBXGroup;
			children = (
				318BFF241BECF49B00B2AA2A /* NextUserKit */,
				318BFF301BECF49B00B2AA2A /* NextUserKitTests */,
				318BFF231BECF49B00B2AA2A /* Products */,
			);
			sourceTree = "<group>";
		};
		318BFF231BECF49B00B2AA2A /* Products */ = {
			isa = PBXGroup;
			children = (
				318BFF221BECF49B00B2AA2A /* NextUserKit.framework */,
				318BFF2C1BECF49B00B2AA2A /* NextUserKitTests.xctest */,
			);
			name = Products;
			sourceTree = "<group>";
		};
		318BFF241BECF49B00B2AA2A /* NextUserKit */ = {
			isa = PBXGroup;
			children = (
				318BFF251BECF49B00B2AA2A /* NextUserKit.h */,
				318BFF431BECF6AA00B2AA2A /* NUTracker.h */,
				318BFF441BECF6AA00B2AA2A /* NUTracker.m */,
				3107FB651C15B01100AC030B /* Model */,
				312029C71BF221F200B7CCC6 /* Private */,
				318BFF471BECF8A400B2AA2A /* lib_3rdParty */,
				318BFF271BECF49B00B2AA2A /* Info.plist */,
			);
			path = NextUserKit;
			sourceTree = "<group>";
		};
		318BFF301BECF49B00B2AA2A /* NextUserKitTests */ = {
			isa = PBXGroup;
			children = (
				315A63FB1C032D1B00ADB2DD /* NUTestDefinitions.h */,
				312029C81BF2261D00B7CCC6 /* NUTrackerTests.m */,
				310DAE251BF337E500422C06 /* NUTrackerSessionTests.m */,
				31614FBD1BF3880500F0535D /* NUTrackingHTTPRequestHelperTests.m */,
				31E61C6C1BFDCF0A00AAD12B /* NUObjectPropertyStatusUtilsTests.m */,
				318BFF331BECF49B00B2AA2A /* Info.plist */,
				318BFF751BECFE5300B2AA2A /* MobileCoreServices.framework */,
				318BFF731BECFE4D00B2AA2A /* SystemConfiguration.framework */,
			);
			path = NextUserKitTests;
			sourceTree = "<group>";
		};
		318BFF471BECF8A400B2AA2A /* lib_3rdParty */ = {
			isa = PBXGroup;
			children = (
				3198D5501BF9CC21006E88D1 /* DDLog */,
				31614FA11BF3508C00F0535D /* SSKeychain */,
				318BFF481BECF8A400B2AA2A /* AFNetworking */,
			);
			path = lib_3rdParty;
			sourceTree = "<group>";
		};
		318BFF481BECF8A400B2AA2A /* AFNetworking */ = {
			isa = PBXGroup;
			children = (
				31BD2B761BF4B36D00EC2DB3 /* AFNetworkingNameMapper.h */,
				318BFF491BECF8A400B2AA2A /* AFHTTPRequestOperation.h */,
				318BFF4A1BECF8A400B2AA2A /* AFHTTPRequestOperation.m */,
				318BFF4B1BECF8A400B2AA2A /* AFHTTPRequestOperationManager.h */,
				318BFF4C1BECF8A400B2AA2A /* AFHTTPRequestOperationManager.m */,
				318BFF4D1BECF8A400B2AA2A /* AFHTTPSessionManager.h */,
				318BFF4E1BECF8A400B2AA2A /* AFHTTPSessionManager.m */,
				318BFF4F1BECF8A400B2AA2A /* AFNetworking.h */,
				318BFF501BECF8A400B2AA2A /* AFNetworkReachabilityManager.h */,
				318BFF511BECF8A400B2AA2A /* AFNetworkReachabilityManager.m */,
				318BFF521BECF8A400B2AA2A /* AFSecurityPolicy.h */,
				318BFF531BECF8A400B2AA2A /* AFSecurityPolicy.m */,
				318BFF541BECF8A400B2AA2A /* AFURLConnectionOperation.h */,
				318BFF551BECF8A400B2AA2A /* AFURLConnectionOperation.m */,
				318BFF561BECF8A400B2AA2A /* AFURLRequestSerialization.h */,
				318BFF571BECF8A400B2AA2A /* AFURLRequestSerialization.m */,
				318BFF581BECF8A400B2AA2A /* AFURLResponseSerialization.h */,
				318BFF591BECF8A400B2AA2A /* AFURLResponseSerialization.m */,
				318BFF5A1BECF8A400B2AA2A /* AFURLSessionManager.h */,
				318BFF5B1BECF8A400B2AA2A /* AFURLSessionManager.m */,
			);
			path = AFNetworking;
			sourceTree = "<group>";
		};
		3198D5501BF9CC21006E88D1 /* DDLog */ = {
			isa = PBXGroup;
			children = (
				3198D5871BF9D36A006E88D1 /* CocoaLumberjackNameMapper.h */,
				3198D5511BF9CC21006E88D1 /* CLI */,
				3198D5541BF9CC21006E88D1 /* CocoaLumberjack.h */,
				3198D5561BF9CC21006E88D1 /* DDAbstractDatabaseLogger.h */,
				3198D5571BF9CC21006E88D1 /* DDAbstractDatabaseLogger.m */,
				3198D5581BF9CC21006E88D1 /* DDASLLogCapture.h */,
				3198D5591BF9CC21006E88D1 /* DDASLLogCapture.m */,
				3198D55A1BF9CC21006E88D1 /* DDASLLogger.h */,
				3198D55B1BF9CC21006E88D1 /* DDASLLogger.m */,
				3198D55C1BF9CC21006E88D1 /* DDAssertMacros.h */,
				3198D55D1BF9CC21006E88D1 /* DDFileLogger.h */,
				3198D55E1BF9CC21006E88D1 /* DDFileLogger.m */,
				3198D55F1BF9CC21006E88D1 /* DDLegacyMacros.h */,
				3198D5601BF9CC21006E88D1 /* DDLog+LOGV.h */,
				3198D5611BF9CC21006E88D1 /* DDLog.h */,
				3198D5621BF9CC21006E88D1 /* DDLog.m */,
				3198D5631BF9CC21006E88D1 /* DDLogMacros.h */,
				3198D5641BF9CC21006E88D1 /* DDTTYLogger.h */,
				3198D5651BF9CC21006E88D1 /* DDTTYLogger.m */,
				3198D5661BF9CC21006E88D1 /* Extensions */,
			);
			path = DDLog;
			sourceTree = "<group>";
		};
		3198D5511BF9CC21006E88D1 /* CLI */ = {
			isa = PBXGroup;
			children = (
				3198D5521BF9CC21006E88D1 /* CLIColor.h */,
				3198D5531BF9CC21006E88D1 /* CLIColor.m */,
			);
			path = CLI;
			sourceTree = "<group>";
		};
		3198D5661BF9CC21006E88D1 /* Extensions */ = {
			isa = PBXGroup;
			children = (
				3198D5671BF9CC21006E88D1 /* DDContextFilterLogFormatter.h */,
				3198D5681BF9CC21006E88D1 /* DDContextFilterLogFormatter.m */,
				3198D5691BF9CC21006E88D1 /* DDDispatchQueueLogFormatter.h */,
				3198D56A1BF9CC21006E88D1 /* DDDispatchQueueLogFormatter.m */,
				3198D56B1BF9CC21006E88D1 /* DDMultiFormatter.h */,
				3198D56C1BF9CC21006E88D1 /* DDMultiFormatter.m */,
			);
			path = Extensions;
			sourceTree = "<group>";
		};
		31E61C721BFDDA2D00AAD12B /* Utils */ = {
			isa = PBXGroup;
			children = (
				31E61C6E1BFDD95100AAD12B /* NSString+LGUtils.h */,
				31E61C6F1BFDD95100AAD12B /* NSString+LGUtils.m */,
				31E61C631BFDCD9500AAD12B /* NUObjectPropertyStatusUtils.h */,
				31E61C641BFDCD9500AAD12B /* NUObjectPropertyStatusUtils.m */,
				31E23D471C05F12D00BD9A81 /* NUHTTPRequestUtils.h */,
				31E23D481C05F12D00BD9A81 /* NUHTTPRequestUtils.m */,
			);
			name = Utils;
			sourceTree = "<group>";
		};
		31F2752B1BF9FC9B00D0D755 /* Logger */ = {
			isa = PBXGroup;
			children = (
				3198D5881BF9E4BA006E88D1 /* NUDDLog.h */,
				3198D5891BF9E4BA006E88D1 /* NUDDLog.m */,
			);
			name = Logger;
			sourceTree = "<group>";
		};
		31F2752C1BFA044000D0D755 /* ServerAPI */ = {
			isa = PBXGroup;
			children = (
				31614FB51BF3808000F0535D /* NUTrackingHTTPRequestHelper.h */,
				31614FB61BF3808000F0535D /* NUTrackingHTTPRequestHelper.m */,
			);
			name = ServerAPI;
			sourceTree = "<group>";
		};
		31F2752D1BFA056400D0D755 /* TestsCategory */ = {
			isa = PBXGroup;
			children = (
				31D99FE11BF5D9B400F9400F /* NUTracker+Tests.h */,
				3107FB6A1C15B46100AC030B /* NUTrackingHTTPRequestHelper+Tests.h */,
			);
			name = TestsCategory;
			sourceTree = "<group>";
		};
/* End PBXGroup section */

/* Begin PBXHeadersBuildPhase section */
		318BFF1F1BECF49B00B2AA2A /* Headers */ = {
			isa = PBXHeadersBuildPhase;
			buildActionMask = 2147483647;
			files = (
				318BFF261BECF49B00B2AA2A /* NextUserKit.h in Headers */,
				318BFF451BECF6AA00B2AA2A /* NUTracker.h in Headers */,
				3107FB631C15A8D900AC030B /* NUAction.h in Headers */,
				3198D5811BF9CC21006E88D1 /* DDContextFilterLogFormatter.h in Headers */,
				316438E81BFC7DF80092E067 /* NUPurchaseDetails.h in Headers */,
				318BFF6D1BECF8A400B2AA2A /* AFURLSessionManager.h in Headers */,
				316438E41BFC7D1D0092E067 /* NUProduct.h in Headers */,
				31614FAD1BF3508C00F0535D /* SSKeychainQuery.h in Headers */,
				318BFF631BECF8A400B2AA2A /* AFNetworkReachabilityManager.h in Headers */,
				3198D57B1BF9CC21006E88D1 /* DDLog+LOGV.h in Headers */,
				318BFF691BECF8A400B2AA2A /* AFURLRequestSerialization.h in Headers */,
				312029CC1BF22E8B00B7CCC6 /* NUTrackerSession.h in Headers */,
				31614FB71BF3808000F0535D /* NUTrackingHTTPRequestHelper.h in Headers */,
				318BFF5E1BECF8A400B2AA2A /* AFHTTPRequestOperationManager.h in Headers */,
				3198D57C1BF9CC21006E88D1 /* DDLog.h in Headers */,
				31E23D491C05F12D00BD9A81 /* NUHTTPRequestUtils.h in Headers */,
				3198D58A1BF9E4BA006E88D1 /* NUDDLog.h in Headers */,
				31E61C651BFDCD9500AAD12B /* NUObjectPropertyStatusUtils.h in Headers */,
				31D99FE31BF5D9B400F9400F /* NUTracker+Tests.h in Headers */,
				3198D5771BF9CC21006E88D1 /* DDAssertMacros.h in Headers */,
				3198D5831BF9CC21006E88D1 /* DDDispatchQueueLogFormatter.h in Headers */,
				3198D5711BF9CC21006E88D1 /* DDAbstractDatabaseLogger.h in Headers */,
				3198D5851BF9CC21006E88D1 /* DDMultiFormatter.h in Headers */,
				31614FAB1BF3508C00F0535D /* SSKeychain.h in Headers */,
				3198D57E1BF9CC21006E88D1 /* DDLogMacros.h in Headers */,
				3198D5781BF9CC21006E88D1 /* DDFileLogger.h in Headers */,
				318BFF601BECF8A400B2AA2A /* AFHTTPSessionManager.h in Headers */,
				3198D5731BF9CC21006E88D1 /* DDASLLogCapture.h in Headers */,
				3198D57F1BF9CC21006E88D1 /* DDTTYLogger.h in Headers */,
				3198D5751BF9CC21006E88D1 /* DDASLLogger.h in Headers */,
				3198D56F1BF9CC21006E88D1 /* CocoaLumberjack.h in Headers */,
				318BFF6B1BECF8A400B2AA2A /* AFURLResponseSerialization.h in Headers */,
				3198D56D1BF9CC21006E88D1 /* CLIColor.h in Headers */,
				318BFF5C1BECF8A400B2AA2A /* AFHTTPRequestOperation.h in Headers */,
				318BFF671BECF8A400B2AA2A /* AFURLConnectionOperation.h in Headers */,
				318BFF621BECF8A400B2AA2A /* AFNetworking.h in Headers */,
				31E61C701BFDD95100AAD12B /* NSString+LGUtils.h in Headers */,
				318BFF651BECF8A400B2AA2A /* AFSecurityPolicy.h in Headers */,
				3107FB6C1C15B46100AC030B /* NUTrackingHTTPRequestHelper+Tests.h in Headers */,
				3198D57A1BF9CC21006E88D1 /* DDLegacyMacros.h in Headers */,
			);
			runOnlyForDeploymentPostprocessing = 0;
		};
/* End PBXHeadersBuildPhase section */

/* Begin PBXNativeTarget section */
		318BFF211BECF49B00B2AA2A /* NextUserKit */ = {
			isa = PBXNativeTarget;
			buildConfigurationList = 318BFF361BECF49B00B2AA2A /* Build configuration list for PBXNativeTarget "NextUserKit" */;
			buildPhases = (
				318BFF1D1BECF49B00B2AA2A /* Sources */,
				318BFF1E1BECF49B00B2AA2A /* Frameworks */,
				318BFF1F1BECF49B00B2AA2A /* Headers */,
				318BFF201BECF49B00B2AA2A /* Resources */,
				318BFF3C1BECF56300B2AA2A /* ShellScript */,
			);
			buildRules = (
			);
			dependencies = (
			);
			name = NextUserKit;
			productName = NextUserKit;
			productReference = 318BFF221BECF49B00B2AA2A /* NextUserKit.framework */;
			productType = "com.apple.product-type.framework";
		};
		318BFF2B1BECF49B00B2AA2A /* NextUserKitTests */ = {
			isa = PBXNativeTarget;
			buildConfigurationList = 318BFF391BECF49B00B2AA2A /* Build configuration list for PBXNativeTarget "NextUserKitTests" */;
			buildPhases = (
				318BFF281BECF49B00B2AA2A /* Sources */,
				318BFF291BECF49B00B2AA2A /* Frameworks */,
				318BFF2A1BECF49B00B2AA2A /* Resources */,
			);
			buildRules = (
			);
			dependencies = (
				318BFF2F1BECF49B00B2AA2A /* PBXTargetDependency */,
			);
			name = NextUserKitTests;
			productName = NextUserKitTests;
			productReference = 318BFF2C1BECF49B00B2AA2A /* NextUserKitTests.xctest */;
			productType = "com.apple.product-type.bundle.unit-test";
		};
/* End PBXNativeTarget section */

/* Begin PBXProject section */
		318BFF191BECF49B00B2AA2A /* Project object */ = {
			isa = PBXProject;
			attributes = {
				CLASSPREFIX = NU;
				LastUpgradeCheck = 0710;
				ORGANIZATIONNAME = NextUser;
				TargetAttributes = {
					318BFF211BECF49B00B2AA2A = {
						CreatedOnToolsVersion = 7.1;
					};
					318BFF2B1BECF49B00B2AA2A = {
						CreatedOnToolsVersion = 7.1;
					};
				};
			};
			buildConfigurationList = 318BFF1C1BECF49B00B2AA2A /* Build configuration list for PBXProject "NextUserKit" */;
			compatibilityVersion = "Xcode 3.2";
			developmentRegion = English;
			hasScannedForEncodings = 0;
			knownRegions = (
				en,
			);
			mainGroup = 318BFF181BECF49B00B2AA2A;
			productRefGroup = 318BFF231BECF49B00B2AA2A /* Products */;
			projectDirPath = "";
			projectRoot = "";
			targets = (
				318BFF211BECF49B00B2AA2A /* NextUserKit */,
				318BFF2B1BECF49B00B2AA2A /* NextUserKitTests */,
			);
		};
/* End PBXProject section */

/* Begin PBXResourcesBuildPhase section */
		318BFF201BECF49B00B2AA2A /* Resources */ = {
			isa = PBXResourcesBuildPhase;
			buildActionMask = 2147483647;
			files = (
				31614FA91BF3508C00F0535D /* SSKeychain.strings in Resources */,
			);
			runOnlyForDeploymentPostprocessing = 0;
		};
		318BFF2A1BECF49B00B2AA2A /* Resources */ = {
			isa = PBXResourcesBuildPhase;
			buildActionMask = 2147483647;
			files = (
			);
			runOnlyForDeploymentPostprocessing = 0;
		};
/* End PBXResourcesBuildPhase section */

/* Begin PBXShellScriptBuildPhase section */
		318BFF3C1BECF56300B2AA2A /* ShellScript */ = {
			isa = PBXShellScriptBuildPhase;
			buildActionMask = 2147483647;
			files = (
			);
			inputPaths = (
			);
			outputPaths = (
			);
			runOnlyForDeploymentPostprocessing = 0;
			shellPath = /bin/sh;
			shellScript = "set -e\nset +u\n# Avoid recursively calling this script.\nif [[ $SF_MASTER_SCRIPT_RUNNING ]]\nthen\nexit 0\nfi\nset -u\nexport SF_MASTER_SCRIPT_RUNNING=1\n\n\n# Constants\nSF_TARGET_NAME=${PROJECT_NAME}\nUNIVERSAL_OUTPUTFOLDER=${BUILD_DIR}/${CONFIGURATION}-universal\n\n# Take build target\nif [[ \"$SDK_NAME\" =~ ([A-Za-z]+) ]]\nthen\nSF_SDK_PLATFORM=${BASH_REMATCH[1]}\nelse\necho \"Could not find platform name from SDK_NAME: $SDK_NAME\"\nexit 1\nfi\n\nif [[ \"$SF_SDK_PLATFORM\" = \"iphoneos\" ]]\nthen\necho \"Please choose iPhone simulator as the build target.\"\nexit 1\nfi\n\nIPHONE_DEVICE_BUILD_DIR=${BUILD_DIR}/${CONFIGURATION}-iphoneos\n\n# Build the other (non-simulator) platform\nxcodebuild -project \"${PROJECT_FILE_PATH}\" -target \"${TARGET_NAME}\" -configuration \"${CONFIGURATION}\" -sdk iphoneos BUILD_DIR=\"${BUILD_DIR}\" OBJROOT=\"${OBJROOT}\" BUILD_ROOT=\"${BUILD_ROOT}\" CONFIGURATION_BUILD_DIR=\"${IPHONE_DEVICE_BUILD_DIR}/arm64\" SYMROOT=\"${SYMROOT}\" ARCHS='arm64' VALID_ARCHS='arm64' $ACTION\n\nxcodebuild -project \"${PROJECT_FILE_PATH}\" -target \"${TARGET_NAME}\" -configuration \"${CONFIGURATION}\" -sdk iphoneos BUILD_DIR=\"${BUILD_DIR}\" OBJROOT=\"${OBJROOT}\" BUILD_ROOT=\"${BUILD_ROOT}\"  CONFIGURATION_BUILD_DIR=\"${IPHONE_DEVICE_BUILD_DIR}/armv7\" SYMROOT=\"${SYMROOT}\" ARCHS='armv7 armv7s' VALID_ARCHS='armv7 armv7s' $ACTION\n\n# Copy the framework structure to the universal folder (clean it first)\nrm -rf \"${UNIVERSAL_OUTPUTFOLDER}\"\nmkdir -p \"${UNIVERSAL_OUTPUTFOLDER}\"\ncp -R \"${BUILD_DIR}/${CONFIGURATION}-iphonesimulator/${PROJECT_NAME}.framework\" \"${UNIVERSAL_OUTPUTFOLDER}/${PROJECT_NAME}.framework\"\n\n# Smash them together to combine all architectures\nlipo -create  \"${BUILD_DIR}/${CONFIGURATION}-iphonesimulator/${PROJECT_NAME}.framework/${PROJECT_NAME}\" \"${BUILD_DIR}/${CONFIGURATION}-iphoneos/arm64/${PROJECT_NAME}.framework/${PROJECT_NAME}\" \"${BUILD_DIR}/${CONFIGURATION}-iphoneos/armv7/${PROJECT_NAME}.framework/${PROJECT_NAME}\" -output \"${UNIVERSAL_OUTPUTFOLDER}/${PROJECT_NAME}.framework/${PROJECT_NAME}\"";
		};
/* End PBXShellScriptBuildPhase section */

/* Begin PBXSourcesBuildPhase section */
		318BFF1D1BECF49B00B2AA2A /* Sources */ = {
			isa = PBXSourcesBuildPhase;
			buildActionMask = 2147483647;
			files = (
				3107FB641C15A8D900AC030B /* NUAction.m in Sources */,
				3198D57D1BF9CC21006E88D1 /* DDLog.m in Sources */,
				31614FAE1BF3508C00F0535D /* SSKeychainQuery.m in Sources */,
				318BFF681BECF8A400B2AA2A /* AFURLConnectionOperation.m in Sources */,
				318BFF6C1BECF8A400B2AA2A /* AFURLResponseSerialization.m in Sources */,
				318BFF5D1BECF8A400B2AA2A /* AFHTTPRequestOperation.m in Sources */,
				3198D5761BF9CC21006E88D1 /* DDASLLogger.m in Sources */,
				318BFF461BECF6AA00B2AA2A /* NUTracker.m in Sources */,
				31E61C711BFDD95100AAD12B /* NSString+LGUtils.m in Sources */,
				316438E51BFC7D1D0092E067 /* NUProduct.m in Sources */,
				31614FB81BF3808000F0535D /* NUTrackingHTTPRequestHelper.m in Sources */,
				318BFF641BECF8A400B2AA2A /* AFNetworkReachabilityManager.m in Sources */,
				3198D5861BF9CC21006E88D1 /* DDMultiFormatter.m in Sources */,
				31E23D4A1C05F12D00BD9A81 /* NUHTTPRequestUtils.m in Sources */,
				3198D5791BF9CC21006E88D1 /* DDFileLogger.m in Sources */,
				3198D5841BF9CC21006E88D1 /* DDDispatchQueueLogFormatter.m in Sources */,
				31614FAC1BF3508C00F0535D /* SSKeychain.m in Sources */,
				316438E91BFC7DF80092E067 /* NUPurchaseDetails.m in Sources */,
				3198D56E1BF9CC21006E88D1 /* CLIColor.m in Sources */,
				31E61C661BFDCD9500AAD12B /* NUObjectPropertyStatusUtils.m in Sources */,
				318BFF6E1BECF8A400B2AA2A /* AFURLSessionManager.m in Sources */,
				318BFF5F1BECF8A400B2AA2A /* AFHTTPRequestOperationManager.m in Sources */,
				3198D5801BF9CC21006E88D1 /* DDTTYLogger.m in Sources */,
				3198D5821BF9CC21006E88D1 /* DDContextFilterLogFormatter.m in Sources */,
				3198D5741BF9CC21006E88D1 /* DDASLLogCapture.m in Sources */,
				318BFF661BECF8A400B2AA2A /* AFSecurityPolicy.m in Sources */,
				312029CD1BF22E8B00B7CCC6 /* NUTrackerSession.m in Sources */,
				318BFF611BECF8A400B2AA2A /* AFHTTPSessionManager.m in Sources */,
				3198D58B1BF9E4BA006E88D1 /* NUDDLog.m in Sources */,
				3198D5721BF9CC21006E88D1 /* DDAbstractDatabaseLogger.m in Sources */,
				318BFF6A1BECF8A400B2AA2A /* AFURLRequestSerialization.m in Sources */,
			);
			runOnlyForDeploymentPostprocessing = 0;
		};
		318BFF281BECF49B00B2AA2A /* Sources */ = {
			isa = PBXSourcesBuildPhase;
			buildActionMask = 2147483647;
			files = (
				31E61C6D1BFDCF0A00AAD12B /* NUObjectPropertyStatusUtilsTests.m in Sources */,
				31614FBE1BF3880500F0535D /* NUTrackingHTTPRequestHelperTests.m in Sources */,
				31614FBF1BF3882900F0535D /* NUTrackingHTTPRequestHelper.m in Sources */,
				31E61C691BFDCDC000AAD12B /* NUObjectPropertyStatusUtils.m in Sources */,
				31E61C731BFDDE4700AAD12B /* NSString+LGUtils.m in Sources */,
				312029CE1BF2300C00B7CCC6 /* NUTrackerSession.m in Sources */,
				312029C91BF2261D00B7CCC6 /* NUTrackerTests.m in Sources */,
				310DAE261BF337E500422C06 /* NUTrackerSessionTests.m in Sources */,
			);
			runOnlyForDeploymentPostprocessing = 0;
		};
/* End PBXSourcesBuildPhase section */

/* Begin PBXTargetDependency section */
		318BFF2F1BECF49B00B2AA2A /* PBXTargetDependency */ = {
			isa = PBXTargetDependency;
			target = 318BFF211BECF49B00B2AA2A /* NextUserKit */;
			targetProxy = 318BFF2E1BECF49B00B2AA2A /* PBXContainerItemProxy */;
		};
/* End PBXTargetDependency section */

/* Begin PBXVariantGroup section */
		31614FA21BF3508C00F0535D /* SSKeychain.strings */ = {
			isa = PBXVariantGroup;
			children = (
				31614FA31BF3508C00F0535D /* en */,
			);
			name = SSKeychain.strings;
			sourceTree = "<group>";
		};
/* End PBXVariantGroup section */

/* Begin XCBuildConfiguration section */
		318BFF341BECF49B00B2AA2A /* Debug */ = {
			isa = XCBuildConfiguration;
			buildSettings = {
				ALWAYS_SEARCH_USER_PATHS = NO;
				CLANG_CXX_LANGUAGE_STANDARD = "gnu++0x";
				CLANG_CXX_LIBRARY = "libc++";
				CLANG_ENABLE_MODULES = YES;
				CLANG_ENABLE_OBJC_ARC = YES;
				CLANG_WARN_BOOL_CONVERSION = YES;
				CLANG_WARN_CONSTANT_CONVERSION = YES;
				CLANG_WARN_DIRECT_OBJC_ISA_USAGE = YES_ERROR;
				CLANG_WARN_EMPTY_BODY = YES;
				CLANG_WARN_ENUM_CONVERSION = YES;
				CLANG_WARN_INT_CONVERSION = YES;
				CLANG_WARN_OBJC_ROOT_CLASS = YES_ERROR;
				CLANG_WARN_UNREACHABLE_CODE = YES;
				CLANG_WARN__DUPLICATE_METHOD_MATCH = YES;
				"CODE_SIGN_IDENTITY[sdk=iphoneos*]" = "iPhone Developer";
				COPY_PHASE_STRIP = NO;
				CURRENT_PROJECT_VERSION = 1;
				DEBUG_INFORMATION_FORMAT = dwarf;
				ENABLE_STRICT_OBJC_MSGSEND = YES;
				ENABLE_TESTABILITY = YES;
				GCC_C_LANGUAGE_STANDARD = gnu99;
				GCC_DYNAMIC_NO_PIC = NO;
				GCC_NO_COMMON_BLOCKS = YES;
				GCC_OPTIMIZATION_LEVEL = 0;
				GCC_PREPROCESSOR_DEFINITIONS = (
					"DEBUG=1",
					"$(inherited)",
				);
				GCC_WARN_64_TO_32_BIT_CONVERSION = YES;
				GCC_WARN_ABOUT_RETURN_TYPE = YES_ERROR;
				GCC_WARN_UNDECLARED_SELECTOR = YES;
				GCC_WARN_UNINITIALIZED_AUTOS = YES_AGGRESSIVE;
				GCC_WARN_UNUSED_FUNCTION = YES;
				GCC_WARN_UNUSED_VARIABLE = YES;
				IPHONEOS_DEPLOYMENT_TARGET = 7.0;
				MTL_ENABLE_DEBUG_INFO = YES;
				ONLY_ACTIVE_ARCH = YES;
				SDKROOT = iphoneos;
				TARGETED_DEVICE_FAMILY = "1,2";
				VERSIONING_SYSTEM = "apple-generic";
				VERSION_INFO_PREFIX = "";
			};
			name = Debug;
		};
		318BFF351BECF49B00B2AA2A /* Release */ = {
			isa = XCBuildConfiguration;
			buildSettings = {
				ALWAYS_SEARCH_USER_PATHS = NO;
				CLANG_CXX_LANGUAGE_STANDARD = "gnu++0x";
				CLANG_CXX_LIBRARY = "libc++";
				CLANG_ENABLE_MODULES = YES;
				CLANG_ENABLE_OBJC_ARC = YES;
				CLANG_WARN_BOOL_CONVERSION = YES;
				CLANG_WARN_CONSTANT_CONVERSION = YES;
				CLANG_WARN_DIRECT_OBJC_ISA_USAGE = YES_ERROR;
				CLANG_WARN_EMPTY_BODY = YES;
				CLANG_WARN_ENUM_CONVERSION = YES;
				CLANG_WARN_INT_CONVERSION = YES;
				CLANG_WARN_OBJC_ROOT_CLASS = YES_ERROR;
				CLANG_WARN_UNREACHABLE_CODE = YES;
				CLANG_WARN__DUPLICATE_METHOD_MATCH = YES;
				"CODE_SIGN_IDENTITY[sdk=iphoneos*]" = "iPhone Developer";
				COPY_PHASE_STRIP = NO;
				CURRENT_PROJECT_VERSION = 1;
				DEBUG_INFORMATION_FORMAT = "dwarf-with-dsym";
				ENABLE_NS_ASSERTIONS = NO;
				ENABLE_STRICT_OBJC_MSGSEND = YES;
				GCC_C_LANGUAGE_STANDARD = gnu99;
				GCC_NO_COMMON_BLOCKS = YES;
				GCC_WARN_64_TO_32_BIT_CONVERSION = YES;
				GCC_WARN_ABOUT_RETURN_TYPE = YES_ERROR;
				GCC_WARN_UNDECLARED_SELECTOR = YES;
				GCC_WARN_UNINITIALIZED_AUTOS = YES_AGGRESSIVE;
				GCC_WARN_UNUSED_FUNCTION = YES;
				GCC_WARN_UNUSED_VARIABLE = YES;
				IPHONEOS_DEPLOYMENT_TARGET = 7.0;
				MTL_ENABLE_DEBUG_INFO = NO;
				SDKROOT = iphoneos;
				TARGETED_DEVICE_FAMILY = "1,2";
				VALIDATE_PRODUCT = YES;
				VERSIONING_SYSTEM = "apple-generic";
				VERSION_INFO_PREFIX = "";
			};
			name = Release;
		};
		318BFF371BECF49B00B2AA2A /* Debug */ = {
			isa = XCBuildConfiguration;
			buildSettings = {
				CODE_SIGN_IDENTITY = "iPhone Developer";
				DEFINES_MODULE = YES;
				DYLIB_COMPATIBILITY_VERSION = 1;
				DYLIB_CURRENT_VERSION = 1;
				DYLIB_INSTALL_NAME_BASE = "@rpath";
				INFOPLIST_FILE = NextUserKit/Info.plist;
				INSTALL_PATH = "$(LOCAL_LIBRARY_DIR)/Frameworks";
				LD_RUNPATH_SEARCH_PATHS = "$(inherited) @executable_path/Frameworks @loader_path/Frameworks";
				MACH_O_TYPE = staticlib;
				ONLY_ACTIVE_ARCH = NO;
				PRODUCT_BUNDLE_IDENTIFIER = com.nextuser.NextUserKit;
				PRODUCT_NAME = "$(TARGET_NAME)";
				SKIP_INSTALL = YES;
			};
			name = Debug;
		};
		318BFF381BECF49B00B2AA2A /* Release */ = {
			isa = XCBuildConfiguration;
			buildSettings = {
				CODE_SIGN_IDENTITY = "iPhone Developer";
				DEFINES_MODULE = YES;
				DYLIB_COMPATIBILITY_VERSION = 1;
				DYLIB_CURRENT_VERSION = 1;
				DYLIB_INSTALL_NAME_BASE = "@rpath";
				INFOPLIST_FILE = NextUserKit/Info.plist;
				INSTALL_PATH = "$(LOCAL_LIBRARY_DIR)/Frameworks";
				LD_RUNPATH_SEARCH_PATHS = "$(inherited) @executable_path/Frameworks @loader_path/Frameworks";
				MACH_O_TYPE = staticlib;
				ONLY_ACTIVE_ARCH = NO;
				PRODUCT_BUNDLE_IDENTIFIER = com.nextuser.NextUserKit;
				PRODUCT_NAME = "$(TARGET_NAME)";
				SKIP_INSTALL = YES;
			};
			name = Release;
		};
		318BFF3A1BECF49B00B2AA2A /* Debug */ = {
			isa = XCBuildConfiguration;
			buildSettings = {
				INFOPLIST_FILE = NextUserKitTests/Info.plist;
				LD_RUNPATH_SEARCH_PATHS = "$(inherited) @executable_path/Frameworks @loader_path/Frameworks";
				OTHER_LDFLAGS = "";
				PRODUCT_BUNDLE_IDENTIFIER = com.nextuser.NextUserKitTests;
				PRODUCT_NAME = "$(TARGET_NAME)";
			};
			name = Debug;
		};
		318BFF3B1BECF49B00B2AA2A /* Release */ = {
			isa = XCBuildConfiguration;
			buildSettings = {
				INFOPLIST_FILE = NextUserKitTests/Info.plist;
				LD_RUNPATH_SEARCH_PATHS = "$(inherited) @executable_path/Frameworks @loader_path/Frameworks";
				OTHER_LDFLAGS = "";
				PRODUCT_BUNDLE_IDENTIFIER = com.nextuser.NextUserKitTests;
				PRODUCT_NAME = "$(TARGET_NAME)";
			};
			name = Release;
		};
/* End XCBuildConfiguration section */

/* Begin XCConfigurationList section */
		318BFF1C1BECF49B00B2AA2A /* Build configuration list for PBXProject "NextUserKit" */ = {
			isa = XCConfigurationList;
			buildConfigurations = (
				318BFF341BECF49B00B2AA2A /* Debug */,
				318BFF351BECF49B00B2AA2A /* Release */,
			);
			defaultConfigurationIsVisible = 0;
			defaultConfigurationName = Release;
		};
		318BFF361BECF49B00B2AA2A /* Build configuration list for PBXNativeTarget "NextUserKit" */ = {
			isa = XCConfigurationList;
			buildConfigurations = (
				318BFF371BECF49B00B2AA2A /* Debug */,
				318BFF381BECF49B00B2AA2A /* Release */,
			);
			defaultConfigurationIsVisible = 0;
			defaultConfigurationName = Release;
		};
		318BFF391BECF49B00B2AA2A /* Build configuration list for PBXNativeTarget "NextUserKitTests" */ = {
			isa = XCConfigurationList;
			buildConfigurations = (
				318BFF3A1BECF49B00B2AA2A /* Debug */,
				318BFF3B1BECF49B00B2AA2A /* Release */,
			);
			defaultConfigurationIsVisible = 0;
			defaultConfigurationName = Release;
		};
/* End XCConfigurationList section */
	};
	rootObject = 318BFF191BECF49B00B2AA2A /* Project object */;
}
